
Microsoft Visual Studio Solution File, Format Version 12.00
Project("{FAE04EC0-301F-11D3-BF4B-00C04F79EFBC}") = "Rinkudesu.Identity.Service", "Rinkudesu.Identity.Service\Rinkudesu.Identity.Service.csproj", "{6427AF17-DAAF-4696-870D-9572036A081A}"
EndProject
Project("{FAE04EC0-301F-11D3-BF4B-00C04F79EFBC}") = "Rinkudesu.Identity.Service.Tests", "Rinkudesu.Identity.Service.Tests\Rinkudesu.Identity.Service.Tests.csproj", "{8B182DB9-86A8-44C3-900E-845FFF9D933F}"
EndProject
Project("{FAE04EC0-301F-11D3-BF4B-00C04F79EFBC}") = "Rinkudesu.Identity.Service.MessageQueues", "Rinkudesu.Identity.Service.MessageQueues\Rinkudesu.Identity.Service.MessageQueues.csproj", "{82D5F806-C283-4557-B3EA-5CEE92CD2EE5}"
EndProject
Project("{FAE04EC0-301F-11D3-BF4B-00C04F79EFBC}") = "Rinkudesu.Identity.Service.Email", "Rinkudesu.Identity.Service.Email\Rinkudesu.Identity.Service.Email.csproj", "{9070B399-2C10-4D06-9FED-26C8FC1AA324}"
EndProject
Project("{FAE04EC0-301F-11D3-BF4B-00C04F79EFBC}") = "Rinkudesu.Identity.Service.Models", "Rinkudesu.Identity.Service.Models\Rinkudesu.Identity.Service.Models.csproj", "{0D8CD85C-8AA9-46DB-96DA-E2DB1EE9B297}"
EndProject
Global
	GlobalSection(SolutionConfigurationPlatforms) = preSolution
		Debug|Any CPU = Debug|Any CPU
		Release|Any CPU = Release|Any CPU
	EndGlobalSection
	GlobalSection(ProjectConfigurationPlatforms) = postSolution
		{6427AF17-DAAF-4696-870D-9572036A081A}.Debug|Any CPU.ActiveCfg = Debug|Any CPU
		{6427AF17-DAAF-4696-870D-9572036A081A}.Debug|Any CPU.Build.0 = Debug|Any CPU
		{6427AF17-DAAF-4696-870D-9572036A081A}.Release|Any CPU.ActiveCfg = Release|Any CPU
		{6427AF17-DAAF-4696-870D-9572036A081A}.Release|Any CPU.Build.0 = Release|Any CPU
		{8B182DB9-86A8-44C3-900E-845FFF9D933F}.Debug|Any CPU.ActiveCfg = Debug|Any CPU
		{8B182DB9-86A8-44C3-900E-845FFF9D933F}.Debug|Any CPU.Build.0 = Debug|Any CPU
		{8B182DB9-86A8-44C3-900E-845FFF9D933F}.Release|Any CPU.ActiveCfg = Release|Any CPU
		{8B182DB9-86A8-44C3-900E-845FFF9D933F}.Release|Any CPU.Build.0 = Release|Any CPU
		{82D5F806-C283-4557-B3EA-5CEE92CD2EE5}.Debug|Any CPU.ActiveCfg = Debug|Any CPU
		{82D5F806-C283-4557-B3EA-5CEE92CD2EE5}.Debug|Any CPU.Build.0 = Debug|Any CPU
		{82D5F806-C283-4557-B3EA-5CEE92CD2EE5}.Release|Any CPU.ActiveCfg = Release|Any CPU
		{82D5F806-C283-4557-B3EA-5CEE92CD2EE5}.Release|Any CPU.Build.0 = Release|Any CPU
		{9070B399-2C10-4D06-9FED-26C8FC1AA324}.Debug|Any CPU.ActiveCfg = Debug|Any CPU
		{9070B399-2C10-4D06-9FED-26C8FC1AA324}.Debug|Any CPU.Build.0 = Debug|Any CPU
		{9070B399-2C10-4D06-9FED-26C8FC1AA324}.Release|Any CPU.ActiveCfg = Release|Any CPU
		{9070B399-2C10-4D06-9FED-26C8FC1AA324}.Release|Any CPU.Build.0 = Release|Any CPU
		{0D8CD85C-8AA9-46DB-96DA-E2DB1EE9B297}.Debug|Any CPU.ActiveCfg = Debug|Any CPU
		{0D8CD85C-8AA9-46DB-96DA-E2DB1EE9B297}.Debug|Any CPU.Build.0 = Debug|Any CPU
		{0D8CD85C-8AA9-46DB-96DA-E2DB1EE9B297}.Release|Any CPU.ActiveCfg = Release|Any CPU
		{0D8CD85C-8AA9-46DB-96DA-E2DB1EE9B297}.Release|Any CPU.Build.0 = Release|Any CPU
	EndGlobalSection
EndGlobal
